
Microsoft Visual Studio Solution File, Format Version 12.00
# Visual Studio Version 17
VisualStudioVersion = 17.3.32819.101
MinimumVisualStudioVersion = 10.0.40219.1
Project("{9A19103F-16F7-4668-BE54-9A1E7A4F7556}") = "GeometriskaFigurer", "GeometriskaFigurer\GeometriskaFigurer.csproj", "{DCCB95EC-B9F2-41F8-BBC0-9EFA283BDB68}"
EndProject
Project("{9A19103F-16F7-4668-BE54-9A1E7A4F7556}") = "Calculations", "Calculations\Calculations.csproj", "{E70E2D90-4CDD-40EA-BA56-B7A1993086C9}"
EndProject
Global
	GlobalSection(SolutionConfigurationPlatforms) = preSolution
		Debug|Any CPU = Debug|Any CPU
		Release|Any CPU = Release|Any CPU
	EndGlobalSection
	GlobalSection(ProjectConfigurationPlatforms) = postSolution
		{DCCB95EC-B9F2-41F8-BBC0-9EFA283BDB68}.Debug|Any CPU.ActiveCfg = Debug|Any CPU
		{DCCB95EC-B9F2-41F8-BBC0-9EFA283BDB68}.Debug|Any CPU.Build.0 = Debug|Any CPU
		{DCCB95EC-B9F2-41F8-BBC0-9EFA283BDB68}.Release|Any CPU.ActiveCfg = Release|Any CPU
		{DCCB95EC-B9F2-41F8-BBC0-9EFA283BDB68}.Release|Any CPU.Build.0 = Release|Any CPU
		{E70E2D90-4CDD-40EA-BA56-B7A1993086C9}.Debug|Any CPU.ActiveCfg = Debug|Any CPU
		{E70E2D90-4CDD-40EA-BA56-B7A1993086C9}.Debug|Any CPU.Build.0 = Debug|Any CPU
		{E70E2D90-4CDD-40EA-BA56-B7A1993086C9}.Release|Any CPU.ActiveCfg = Release|Any CPU
		{E70E2D90-4CDD-40EA-BA56-B7A1993086C9}.Release|Any CPU.Build.0 = Release|Any CPU
	EndGlobalSection
	GlobalSection(SolutionProperties) = preSolution
		HideSolutionNode = FALSE
	EndGlobalSection
	GlobalSection(ExtensibilityGlobals) = postSolution
		SolutionGuid = {5EF82631-2889-47C3-BA8B-0C1552151B76}
	EndGlobalSection
EndGlobal
